
Microsoft Visual Studio Solution File, Format Version 12.00
# Visual Studio 15
VisualStudioVersion = 15.0.27130.2010
MinimumVisualStudioVersion = 10.0.40219.1
Project("{FAE04EC0-301F-11D3-BF4B-00C04F79EFBC}") = "ReactCalculator", "ReactCalculator\ReactCalculator.csproj", "{F2D163DC-4304-4E29-AC81-F78A4F8FAB54}"
EndProject
Global
	GlobalSection(SolutionConfigurationPlatforms) = preSolution
		Debug|Any CPU = Debug|Any CPU
		Release|Any CPU = Release|Any CPU
	EndGlobalSection
	GlobalSection(ProjectConfigurationPlatforms) = postSolution
		{F2D163DC-4304-4E29-AC81-F78A4F8FAB54}.Debug|Any CPU.ActiveCfg = Debug|Any CPU
		{F2D163DC-4304-4E29-AC81-F78A4F8FAB54}.Debug|Any CPU.Build.0 = Debug|Any CPU
		{F2D163DC-4304-4E29-AC81-F78A4F8FAB54}.Release|Any CPU.ActiveCfg = Release|Any CPU
		{F2D163DC-4304-4E29-AC81-F78A4F8FAB54}.Release|Any CPU.Build.0 = Release|Any CPU
	EndGlobalSection
	GlobalSection(SolutionProperties) = preSolution
		HideSolutionNode = FALSE
	EndGlobalSection
	GlobalSection(ExtensibilityGlobals) = postSolution
		SolutionGuid = {FA874EEA-63EF-4763-9097-ECAA86E163DF}
	EndGlobalSection
EndGlobal
